PODS:
  - Alamofire (5.11.2)
  - Kingfisher (8.10.0)
  - SnapKit (5.7.1)

DEPENDENCIES:
  - Alamofire
  - Kingfisher
  - SnapKit

SPEC REPOS:
  trunk:
    - Alamofire
    - Kingfisher
    - SnapKit

SPEC CHECKSUMS:
  Alamofire: 400275dd1c6d87d95a041861d2a59da4b520a203
  Kingfisher: db468f911dd666c9134dcbeec4db8bed52e4132d
  SnapKit: d612e99e678a2d3b95bf60b0705ed0a35c03484a

PODFILE CHECKSUM: dddb4f3360f93e3aa7f3304952e307d029e61d3d

COCOAPODS: 1.16.2
