// !$*UTF8*$!
{
	archiveVersion = 1;
	classes = {
	};
	objectVersion = 77;
	objects = {

/* Begin PBXBuildFile section */
		829E77C02FE57B4D007F1FE0 /* AppDelegate.swift in Sources */ = {isa = PBXBuildFile; fileRef = 829E77D02FE57B4D007F1FE0 /* AppDelegate.swift */; };
		829E77C12FE57B4D007F1FE0 /* SceneDelegate.swift in Sources */ = {isa = PBXBuildFile; fileRef = 829E77D12FE57B4D007F1FE0 /* SceneDelegate.swift */; };
		829E77C22FE57B4D007F1FE0 /* ViewController.swift in Sources */ = {isa = PBXBuildFile; fileRef = 829E77D22FE57B4D007F1FE0 /* ViewController.swift */; };
		829E77C32FE57B4D007F1FE0 /* Assets.xcassets in Resources */ = {isa = PBXBuildFile; fileRef = 829E77D32FE57B4D007F1FE0 /* Assets.xcassets */; };
		829E77C42FE57B4D007F1FE0 /* LaunchScreen.storyboard in Resources */ = {isa = PBXBuildFile; fileRef = 829E77D82FE57B4D007F1FE0 /* LaunchScreen.storyboard */; };
		829E77C52FE57B4D007F1FE0 /* Main.storyboard in Resources */ = {isa = PBXBuildFile; fileRef = 829E77D92FE57B4D007F1FE0 /* Main.storyboard */; };
		9C20C67F160B67333E89A203 /* libPods-Kumano.a in Frameworks */ = {isa = PBXBuildFile; fileRef = D6AFA89939D92516D1A20999 /* libPods-Kumano.a */; };
/* End PBXBuildFile section */

/* Begin PBXFileReference section */
		05630088A105120D84A084E4 /* Pods-Kumano.release.xcconfig */ = {isa = PBXFileReference; includeInIndex = 1; lastKnownFileType = text.xcconfig; name = "Pods-Kumano.release.xcconfig"; path = "Target Support Files/Pods-Kumano/Pods-Kumano.release.xcconfig"; sourceTree = "<group>"; };
		829E77A02FE57B4C007F1FE0 /* Kumano.app */ = {isa = PBXFileReference; explicitFileType = wrapper.application; includeInIndex = 0; path = Kumano.app; sourceTree = BUILT_PRODUCTS_DIR; };
		829E77D02FE57B4D007F1FE0 /* AppDelegate.swift */ = {isa = PBXFileReference; lastKnownFileType = sourcecode.swift; path = AppDelegate.swift; sourceTree = "<group>"; };
		829E77D12FE57B4D007F1FE0 /* SceneDelegate.swift */ = {isa = PBXFileReference; lastKnownFileType = sourcecode.swift; path = SceneDelegate.swift; sourceTree = "<group>"; };
		829E77D22FE57B4D007F1FE0 /* ViewController.swift */ = {isa = PBXFileReference; lastKnownFileType = sourcecode.swift; path = ViewController.swift; sourceTree = "<group>"; };
		829E77D32FE57B4D007F1FE0 /* Assets.xcassets */ = {isa = PBXFileReference; lastKnownFileType = folder.assetcatalog; path = Assets.xcassets; sourceTree = "<group>"; };
		829E77D42FE57B4D007F1FE0 /* Info.plist */ = {isa = PBXFileReference; lastKnownFileType = text.plist.xml; path = Info.plist; sourceTree = "<group>"; };
		829E77D52FE57B4D007F1FE0 /* Base */ = {isa = PBXFileReference; lastKnownFileType = file.storyboard; name = Base; path = Base.lproj/LaunchScreen.storyboard; sourceTree = "<group>"; };
		829E77D62FE57B4D007F1FE0 /* Base */ = {isa = PBXFileReference; lastKnownFileType = file.storyboard; name = Base; path = Base.lproj/Main.storyboard; sourceTree = "<group>"; };
		84BD4C5AF1AA7442CBDFE581 /* Pods-Kumano.debug.xcconfig */ = {isa = PBXFileReference; includeInIndex = 1; lastKnownFileType = text.xcconfig; name = "Pods-Kumano.debug.xcconfig"; path = "Target Support Files/Pods-Kumano/Pods-Kumano.debug.xcconfig"; sourceTree = "<group>"; };
		D6AFA89939D92516D1A20999 /* libPods-Kumano.a */ = {isa = PBXFileReference; explicitFileType = archive.ar; includeInIndex = 0; path = "libPods-Kumano.a"; sourceTree = BUILT_PRODUCTS_DIR; };
/* End PBXFileReference section */

/* Begin PBXFrameworksBuildPhase section */
		829E779D2FE57B4C007F1FE0 /* Frameworks */ = {
			isa = PBXFrameworksBuildPhase;
			buildActionMask = 2147483647;
			files = (
				9C20C67F160B67333E89A203 /* libPods-Kumano.a in Frameworks */,
			);
			runOnlyForDeploymentPostprocessing = 0;
		};
/* End PBXFrameworksBuildPhase section */

/* Begin PBXGroup section */
		3E1EEA98D91FD6A5B32CDEBB /* Frameworks */ = {
			isa = PBXGroup;
			children = (
				D6AFA89939D92516D1A20999 /* libPods-Kumano.a */,
			);
			name = Frameworks;
			sourceTree = "<group>";
		};
		829E77972FE57B4C007F1FE0 = {
			isa = PBXGroup;
			children = (
				829E77A22FE57B4C007F1FE0 /* Kumano */,
				829E77A12FE57B4C007F1FE0 /* Products */,
				FA5A23D5A8CB6C12FF0B4C2D /* Pods */,
				3E1EEA98D91FD6A5B32CDEBB /* Frameworks */,
			);
			sourceTree = "<group>";
		};
		829E77A12FE57B4C007F1FE0 /* Products */ = {
			isa = PBXGroup;
			children = (
				829E77A02FE57B4C007F1FE0 /* Kumano.app */,
			);
			name = Products;
			sourceTree = "<group>";
		};
		829E77A22FE57B4C007F1FE0 /* Kumano */ = {
			isa = PBXGroup;
			children = (
				829E77D02FE57B4D007F1FE0 /* AppDelegate.swift */,
				829E77D12FE57B4D007F1FE0 /* SceneDelegate.swift */,
				829E77D22FE57B4D007F1FE0 /* ViewController.swift */,
				829E77D32FE57B4D007F1FE0 /* Assets.xcassets */,
				829E77D82FE57B4D007F1FE0 /* LaunchScreen.storyboard */,
				829E77D92FE57B4D007F1FE0 /* Main.storyboard */,
				829E77D42FE57B4D007F1FE0 /* Info.plist */,
			);
			path = Kumano;
			sourceTree = "<group>";
		};
		FA5A23D5A8CB6C12FF0B4C2D /* Pods */ = {
			isa = PBXGroup;
			children = (
				84BD4C5AF1AA7442CBDFE581 /* Pods-Kumano.debug.xcconfig */,
				05630088A105120D84A084E4 /* Pods-Kumano.release.xcconfig */,
			);
			name = Pods;
			path = Pods;
			sourceTree = "<group>";
		};
/* End PBXGroup section */

/* Begin PBXNativeTarget section */
		829E779F2FE57B4C007F1FE0 /* Kumano */ = {
			isa = PBXNativeTarget;
			buildConfigurationList = 829E77B32FE57B4D007F1FE0 /* Build configuration list for PBXNativeTarget "Kumano" */;
			buildPhases = (
				3C1F217CD1BF10647CF672FF /* [CP] Check Pods Manifest.lock */,
				829E779C2FE57B4C007F1FE0 /* Sources */,
				829E779D2FE57B4C007F1FE0 /* Frameworks */,
				829E779E2FE57B4C007F1FE0 /* Resources */,
				0280D0BA8E3D42CCD53633FC /* [CP] Copy Pods Resources */,
			);
			buildRules = (
			);
			dependencies = (
			);
			name = Kumano;
			productName = Kumano;
			productReference = 829E77A02FE57B4C007F1FE0 /* Kumano.app */;
			productType = "com.apple.product-type.application";
		};
/* End PBXNativeTarget section */

/* Begin PBXProject section */
		829E77982FE57B4C007F1FE0 /* Project object */ = {
			isa = PBXProject;
			attributes = {
				BuildIndependentTargetsInParallel = 1;
				LastSwiftUpdateCheck = 2630;
				LastUpgradeCheck = 2630;
				TargetAttributes = {
					829E779F2FE57B4C007F1FE0 = {
						CreatedOnToolsVersion = 26.3;
					};
				};
			};
			buildConfigurationList = 829E779B2FE57B4C007F1FE0 /* Build configuration list for PBXProject "Kumano" */;
			developmentRegion = en;
			hasScannedForEncodings = 0;
			knownRegions = (
				en,
				Base,
			);
			mainGroup = 829E77972FE57B4C007F1FE0;
			minimizedProjectReferenceProxies = 1;
			preferredProjectObjectVersion = 77;
			productRefGroup = 829E77A12FE57B4C007F1FE0 /* Products */;
			projectDirPath = "";
			projectRoot = "";
			targets = (
				829E779F2FE57B4C007F1FE0 /* Kumano */,
			);
		};
/* End PBXProject section */

/* Begin PBXResourcesBuildPhase section */
		829E779E2FE57B4C007F1FE0 /* Resources */ = {
			isa = PBXResourcesBuildPhase;
			buildActionMask = 2147483647;
			files = (
				829E77C32FE57B4D007F1FE0 /* Assets.xcassets in Resources */,
				829E77C42FE57B4D007F1FE0 /* LaunchScreen.storyboard in Resources */,
				829E77C52FE57B4D007F1FE0 /* Main.storyboard in Resources */,
			);
			runOnlyForDeploymentPostprocessing = 0;
		};
/* End PBXResourcesBuildPhase section */

/* Begin PBXShellScriptBuildPhase section */
		0280D0BA8E3D42CCD53633FC /* [CP] Copy Pods Resources */ = {
			isa = PBXShellScriptBuildPhase;
			buildActionMask = 2147483647;
			files = (
			);
			inputFileListPaths = (
				"${PODS_ROOT}/Target Support Files/Pods-Kumano/Pods-Kumano-resources-${CONFIGURATION}-input-files.xcfilelist",
			);
			name = "[CP] Copy Pods Resources";
			outputFileListPaths = (
				"${PODS_ROOT}/Target Support Files/Pods-Kumano/Pods-Kumano-resources-${CONFIGURATION}-output-files.xcfilelist",
			);
			runOnlyForDeploymentPostprocessing = 0;
			shellPath = /bin/sh;
			shellScript = "\"${PODS_ROOT}/Target Support Files/Pods-Kumano/Pods-Kumano-resources.sh\"\n";
			showEnvVarsInLog = 0;
		};
		3C1F217CD1BF10647CF672FF /* [CP] Check Pods Manifest.lock */ = {
			isa = PBXShellScriptBuildPhase;
			buildActionMask = 2147483647;
			files = (
			);
			inputFileListPaths = (
			);
			inputPaths = (
				"${PODS_PODFILE_DIR_PATH}/Podfile.lock",
				"${PODS_ROOT}/Manifest.lock",
			);
			name = "[CP] Check Pods Manifest.lock";
			outputFileListPaths = (
			);
			outputPaths = (
				"$(DERIVED_FILE_DIR)/Pods-Kumano-checkManifestLockResult.txt",
			);
			runOnlyForDeploymentPostprocessing = 0;
			shellPath = /bin/sh;
			shellScript = "diff \"${PODS_PODFILE_DIR_PATH}/Podfile.lock\" \"${PODS_ROOT}/Manifest.lock\" > /dev/null\nif [ $? != 0 ] ; then\n    # print error to STDERR\n    echo \"error: The sandbox is not in sync with the Podfile.lock. Run 'pod install' or update your CocoaPods installation.\" >&2\n    exit 1\nfi\n# This output is used by Xcode 'outputs' to avoid re-running this script phase.\necho \"SUCCESS\" > \"${SCRIPT_OUTPUT_FILE_0}\"\n";
			showEnvVarsInLog = 0;
		};
/* End PBXShellScriptBuildPhase section */

/* Begin PBXSourcesBuildPhase section */
		829E779C2FE57B4C007F1FE0 /* Sources */ = {
			isa = PBXSourcesBuildPhase;
			buildActionMask = 2147483647;
			files = (
				829E77C02FE57B4D007F1FE0 /* AppDelegate.swift in Sources */,
				829E77C12FE57B4D007F1FE0 /* SceneDelegate.swift in Sources */,
				829E77C22FE57B4D007F1FE0 /* ViewController.swift in Sources */,
			);
			runOnlyForDeploymentPostprocessing = 0;
		};
/* End PBXSourcesBuildPhase section */

/* Begin PBXVariantGroup section */
		829E77D82FE57B4D007F1FE0 /* LaunchScreen.storyboard */ = {
			isa = PBXVariantGroup;
			children = (
				829E77D52FE57B4D007F1FE0 /* Base */,
			);
			name = LaunchScreen.storyboard;
			sourceTree = "<group>";
		};
		829E77D92FE57B4D007F1FE0 /* Main.storyboard */ = {
			isa = PBXVariantGroup;
			children = (
				829E77D62FE57B4D007F1FE0 /* Base */,
			);
			name = Main.storyboard;
			sourceTree = "<group>";
		};
/* End PBXVariantGroup section */

/* Begin XCBuildConfiguration section */
		829E77B42FE57B4D007F1FE0 /* Debug */ = {
			isa = XCBuildConfiguration;
			baseConfigurationReference = 84BD4C5AF1AA7442CBDFE581 /* Pods-Kumano.debug.xcconfig */;
			buildSettings = {
				ASSETCATALOG_COMPILER_APPICON_NAME = AppIcon;
				ASSETCATALOG_COMPILER_GLOBAL_ACCENT_COLOR_NAME = AccentColor;
				CODE_SIGN_STYLE = Automatic;
				CURRENT_PROJECT_VERSION = 1;
				DEVELOPMENT_TEAM = P5PW7VHTCX;
				GENERATE_INFOPLIST_FILE = YES;
				INFOPLIST_FILE = Kumano/Info.plist;
				INFOPLIST_KEY_UIApplicationSupportsIndirectInputEvents = YES;
				INFOPLIST_KEY_UILaunchStoryboardName = LaunchScreen;
				INFOPLIST_KEY_UIMainStoryboardFile = Main;
				INFOPLIST_KEY_UISupportedInterfaceOrientations_iPad = "UIInterfaceOrientationPortrait UIInterfaceOrientationPortraitUpsideDown UIInterfaceOrientationLandscapeLeft UIInterfaceOrientationLandscapeRight";
				INFOPLIST_KEY_UISupportedInterfaceOrientations_iPhone = "UIInterfaceOrientationPortrait UIInterfaceOrientationLandscapeLeft UIInterfaceOrientationLandscapeRight";
				LD_RUNPATH_SEARCH_PATHS = (
					"$(inherited)",
					"@executable_path/Frameworks",
				);
				MARKETING_VERSION = 1.0;
				PRODUCT_BUNDLE_IDENTIFIER = studio.zzz.Jun.Kumano;
				PRODUCT_NAME = "$(TARGET_NAME)";
				STRING_CATALOG_GENERATE_SYMBOLS = YES;
				SWIFT_APPROACHABLE_CONCURRENCY = YES;
				SWIFT_DEFAULT_ACTOR_ISOLATION = MainActor;
				SWIFT_EMIT_LOC_STRINGS = YES;
				SWIFT_UPCOMING_FEATURE_MEMBER_IMPORT_VISIBILITY = YES;
				SWIFT_VERSION = 5.0;
				TARGETED_DEVICE_FAMILY = "1,2";
			};
			name = Debug;
		};
		829E77B52FE57B4D007F1FE0 /* Release */ = {
			isa = XCBuildConfiguration;
			baseConfigurationReference = 05630088A105120D84A084E4 /* Pods-Kumano.release.xcconfig */;
			buildSettings = {
				ASSETCATALOG_COMPILER_APPICON_NAME = AppIcon;
				ASSETCATALOG_COMPILER_GLOBAL_ACCENT_COLOR_NAME = AccentColor;
				CODE_SIGN_STYLE = Automatic;
				CURRENT_PROJECT_VERSION = 1;
				DEVELOPMENT_TEAM = P5PW7VHTCX;
				GENERATE_INFOPLIST_FILE = YES;
				INFOPLIST_FILE = Kumano/Info.plist;
				INFOPLIST_KEY_UIApplicationSupportsIndirectInputEvents = YES;
				INFOPLIST_KEY_UILaunchStoryboardName = LaunchScreen;
				INFOPLIST_KEY_UIMainStoryboardFile = Main;
				INFOPLIST_KEY_UISupportedInterfaceOrientations_iPad = "UIInterfaceOrientationPortrait UIInterfaceOrientationPortraitUpsideDown UIInterfaceOrientationLandscapeLeft UIInterfaceOrientationLandscapeRight";
				INFOPLIST_KEY_UISupportedInterfaceOrientations_iPhone = "UIInterfaceOrientationPortrait UIInterfaceOrientationLandscapeLeft UIInterfaceOrientationLandscapeRight";
				LD_RUNPATH_SEARCH_PATHS = (
					"$(inherited)",
					"@executable_path/Frameworks",
				);
				MARKETING_VERSION = 1.0;
				PRODUCT_BUNDLE_IDENTIFIER = studio.zzz.Jun.Kumano;
				PRODUCT_NAME = "$(TARGET_NAME)";
				STRING_CATALOG_GENERATE_SYMBOLS = YES;
				SWIFT_APPROACHABLE_CONCURRENCY = YES;
				SWIFT_DEFAULT_ACTOR_ISOLATION = MainActor;
				SWIFT_EMIT_LOC_STRINGS = YES;
				SWIFT_UPCOMING_FEATURE_MEMBER_IMPORT_VISIBILITY = YES;
				SWIFT_VERSION = 5.0;
				TARGETED_DEVICE_FAMILY = "1,2";
			};
			name = Release;
		};
		829E77B62FE57B4D007F1FE0 /* Debug */ = {
			isa = XCBuildConfiguration;
			buildSettings = {
				ALWAYS_SEARCH_USER_PATHS = NO;
				ASSETCATALOG_COMPILER_GENERATE_SWIFT_ASSET_SYMBOL_EXTENSIONS = YES;
				CLANG_ANALYZER_NONNULL = YES;
				CLANG_ANALYZER_NUMBER_OBJECT_CONVERSION = YES_AGGRESSIVE;
				CLANG_CXX_LANGUAGE_STANDARD = "gnu++20";
				CLANG_ENABLE_MODULES = YES;
				CLANG_ENABLE_OBJC_ARC = YES;
				CLANG_ENABLE_OBJC_WEAK = YES;
				CLANG_WARN_BLOCK_CAPTURE_AUTORELEASING = YES;
				CLANG_WARN_BOOL_CONVERSION = YES;
				CLANG_WARN_COMMA = YES;
				CLANG_WARN_CONSTANT_CONVERSION = YES;
				CLANG_WARN_DEPRECATED_OBJC_IMPLEMENTATIONS = YES;
				CLANG_WARN_DIRECT_OBJC_ISA_USAGE = YES_ERROR;
				CLANG_WARN_DOCUMENTATION_COMMENTS = YES;
				CLANG_WARN_EMPTY_BODY = YES;
				CLANG_WARN_ENUM_CONVERSION = YES;
				CLANG_WARN_INFINITE_RECURSION = YES;
				CLANG_WARN_INT_CONVERSION = YES;
				CLANG_WARN_NON_LITERAL_NULL_CONVERSION = YES;
				CLANG_WARN_OBJC_IMPLICIT_RETAIN_SELF = YES;
				CLANG_WARN_OBJC_LITERAL_CONVERSION = YES;
				CLANG_WARN_OBJC_ROOT_CLASS = YES_ERROR;
				CLANG_WARN_QUOTED_INCLUDE_IN_FRAMEWORK_HEADER = YES;
				CLANG_WARN_RANGE_LOOP_ANALYSIS = YES;
				CLANG_WARN_STRICT_PROTOTYPES = YES;
				CLANG_WARN_SUSPICIOUS_MOVE = YES;
				CLANG_WARN_UNGUARDED_AVAILABILITY = YES_AGGRESSIVE;
				CLANG_WARN_UNREACHABLE_CODE = YES;
				CLANG_WARN__DUPLICATE_METHOD_MATCH = YES;
				COPY_PHASE_STRIP = NO;
				DEBUG_INFORMATION_FORMAT = dwarf;
				DEVELOPMENT_TEAM = P5PW7VHTCX;
				ENABLE_STRICT_OBJC_MSGSEND = YES;
				ENABLE_TESTABILITY = YES;
				ENABLE_USER_SCRIPT_SANDBOXING = NO;
				GCC_C_LANGUAGE_STANDARD = gnu17;
				GCC_DYNAMIC_NO_PIC = NO;
				GCC_NO_COMMON_BLOCKS = YES;
				GCC_OPTIMIZATION_LEVEL = 0;
				GCC_PREPROCESSOR_DEFINITIONS = (
					"DEBUG=1",
					"$(inherited)",
				);
				GCC_WARN_64_TO_32_BIT_CONVERSION = YES;
				GCC_WARN_ABOUT_RETURN_TYPE = YES_ERROR;
				GCC_WARN_UNDECLARED_SELECTOR = YES;
				GCC_WARN_UNINITIALIZED_AUTOS = YES_AGGRESSIVE;
				GCC_WARN_UNUSED_FUNCTION = YES;
				GCC_WARN_UNUSED_VARIABLE = YES;
				IPHONEOS_DEPLOYMENT_TARGET = 16.0;
				LOCALIZATION_PREFERS_STRING_CATALOGS = YES;
				MTL_ENABLE_DEBUG_INFO = INCLUDE_SOURCE;
				MTL_FAST_MATH = YES;
				ONLY_ACTIVE_ARCH = YES;
				SDKROOT = iphoneos;
				SWIFT_ACTIVE_COMPILATION_CONDITIONS = "DEBUG $(inherited)";
				SWIFT_OPTIMIZATION_LEVEL = "-Onone";
			};
			name = Debug;
		};
		829E77B72FE57B4D007F1FE0 /* Release */ = {
			isa = XCBuildConfiguration;
			buildSettings = {
				ALWAYS_SEARCH_USER_PATHS = NO;
				ASSETCATALOG_COMPILER_GENERATE_SWIFT_ASSET_SYMBOL_EXTENSIONS = YES;
				CLANG_ANALYZER_NONNULL = YES;
				CLANG_ANALYZER_NUMBER_OBJECT_CONVERSION = YES_AGGRESSIVE;
				CLANG_CXX_LANGUAGE_STANDARD = "gnu++20";
				CLANG_ENABLE_MODULES = YES;
				CLANG_ENABLE_OBJC_ARC = YES;
				CLANG_ENABLE_OBJC_WEAK = YES;
				CLANG_WARN_BLOCK_CAPTURE_AUTORELEASING = YES;
				CLANG_WARN_BOOL_CONVERSION = YES;
				CLANG_WARN_COMMA = YES;
				CLANG_WARN_CONSTANT_CONVERSION = YES;
				CLANG_WARN_DEPRECATED_OBJC_IMPLEMENTATIONS = YES;
				CLANG_WARN_DIRECT_OBJC_ISA_USAGE = YES_ERROR;
				CLANG_WARN_DOCUMENTATION_COMMENTS = YES;
				CLANG_WARN_EMPTY_BODY = YES;
				CLANG_WARN_ENUM_CONVERSION = YES;
				CLANG_WARN_INFINITE_RECURSION = YES;
				CLANG_WARN_INT_CONVERSION = YES;
				CLANG_WARN_NON_LITERAL_NULL_CONVERSION = YES;
				CLANG_WARN_OBJC_IMPLICIT_RETAIN_SELF = YES;
				CLANG_WARN_OBJC_LITERAL_CONVERSION = YES;
				CLANG_WARN_OBJC_ROOT_CLASS = YES_ERROR;
				CLANG_WARN_QUOTED_INCLUDE_IN_FRAMEWORK_HEADER = YES;
				CLANG_WARN_RANGE_LOOP_ANALYSIS = YES;
				CLANG_WARN_STRICT_PROTOTYPES = YES;
				CLANG_WARN_SUSPICIOUS_MOVE = YES;
				CLANG_WARN_UNGUARDED_AVAILABILITY = YES_AGGRESSIVE;
				CLANG_WARN_UNREACHABLE_CODE = YES;
				CLANG_WARN__DUPLICATE_METHOD_MATCH = YES;
				COPY_PHASE_STRIP = NO;
				DEBUG_INFORMATION_FORMAT = "dwarf-with-dsym";
				DEVELOPMENT_TEAM = P5PW7VHTCX;
				ENABLE_NS_ASSERTIONS = NO;
				ENABLE_STRICT_OBJC_MSGSEND = YES;
				ENABLE_USER_SCRIPT_SANDBOXING = NO;
				GCC_C_LANGUAGE_STANDARD = gnu17;
				GCC_NO_COMMON_BLOCKS = YES;
				GCC_WARN_64_TO_32_BIT_CONVERSION = YES;
				GCC_WARN_ABOUT_RETURN_TYPE = YES_ERROR;
				GCC_WARN_UNDECLARED_SELECTOR = YES;
				GCC_WARN_UNINITIALIZED_AUTOS = YES_AGGRESSIVE;
				GCC_WARN_UNUSED_FUNCTION = YES;
				GCC_WARN_UNUSED_VARIABLE = YES;
				IPHONEOS_DEPLOYMENT_TARGET = 16.0;
				LOCALIZATION_PREFERS_STRING_CATALOGS = YES;
				MTL_ENABLE_DEBUG_INFO = NO;
				MTL_FAST_MATH = YES;
				SDKROOT = iphoneos;
				SWIFT_COMPILATION_MODE = wholemodule;
				VALIDATE_PRODUCT = YES;
			};
			name = Release;
		};
/* End XCBuildConfiguration section */

/* Begin XCConfigurationList section */
		829E779B2FE57B4C007F1FE0 /* Build configuration list for PBXProject "Kumano" */ = {
			isa = XCConfigurationList;
			buildConfigurations = (
				829E77B62FE57B4D007F1FE0 /* Debug */,
				829E77B72FE57B4D007F1FE0 /* Release */,
			);
			defaultConfigurationIsVisible = 0;
			defaultConfigurationName = Release;
		};
		829E77B32FE57B4D007F1FE0 /* Build configuration list for PBXNativeTarget "Kumano" */ = {
			isa = XCConfigurationList;
			buildConfigurations = (
				829E77B42FE57B4D007F1FE0 /* Debug */,
				829E77B52FE57B4D007F1FE0 /* Release */,
			);
			defaultConfigurationIsVisible = 0;
			defaultConfigurationName = Release;
		};
/* End XCConfigurationList section */
	};
	rootObject = 829E77982FE57B4C007F1FE0 /* Project object */;
}
